
Microsoft Visual Studio Solution File, Format Version 12.00
# Visual Studio Version 16
VisualStudioVersion = 16.0.810.18
MinimumVisualStudioVersion = 10.0.40219.1
Project("{FAE04EC0-301F-11D3-BF4B-00C04F79EFBC}") = "dotnet-rpg", "dotnet-rpg\dotnet-rpg.csproj", "{65769376-ACC6-4E3A-8C08-CB88A3A8F2FF}"
EndProject
Global
	GlobalSection(SolutionConfigurationPlatforms) = preSolution
		Debug|Any CPU = Debug|Any CPU
		Release|Any CPU = Release|Any CPU
	EndGlobalSection
	GlobalSection(ProjectConfigurationPlatforms) = postSolution
		{65769376-ACC6-4E3A-8C08-CB88A3A8F2FF}.Debug|Any CPU.ActiveCfg = Debug|Any CPU
		{65769376-ACC6-4E3A-8C08-CB88A3A8F2FF}.Debug|Any CPU.Build.0 = Debug|Any CPU
		{65769376-ACC6-4E3A-8C08-CB88A3A8F2FF}.Release|Any CPU.ActiveCfg = Release|Any CPU
		{65769376-ACC6-4E3A-8C08-CB88A3A8F2FF}.Release|Any CPU.Build.0 = Release|Any CPU
	EndGlobalSection
	GlobalSection(SolutionProperties) = preSolution
		HideSolutionNode = FALSE
	EndGlobalSection
	GlobalSection(ExtensibilityGlobals) = postSolution
		SolutionGuid = {B7CEE0C7-9040-488E-B61A-3861C363FFB9}
	EndGlobalSection
EndGlobal
